{
    "name": "sonokai-pro",
    "version": "0.3.0",
    "lockfileVersion": 3,
    "requires": true,
    "packages": {
        "": {
            "name": "sonokai-pro",
            "version": "0.3.0",
            "license": "MIT",
            "engines": {
                "vscode": "^1.100.0"
            }
        }
    }
}
